
Microsoft Visual Studio Solution File, Format Version 12.00
# Visual Studio Version 16
VisualStudioVersion = 16.0.30907.101
MinimumVisualStudioVersion = 10.0.40219.1
Project("{FAE04EC0-301F-11D3-BF4B-00C04F79EFBC}") = "StackGenericsPractice", "StackGenericsPractice\StackGenericsPractice.csproj", "{9936C4B8-0058-4903-A06E-F505F67C2865}"
EndProject
Global
	GlobalSection(SolutionConfigurationPlatforms) = preSolution
		Debug|Any CPU = Debug|Any CPU
		Release|Any CPU = Release|Any CPU
	EndGlobalSection
	GlobalSection(ProjectConfigurationPlatforms) = postSolution
		{9936C4B8-0058-4903-A06E-F505F67C2865}.Debug|Any CPU.ActiveCfg = Debug|Any CPU
		{9936C4B8-0058-4903-A06E-F505F67C2865}.Debug|Any CPU.Build.0 = Debug|Any CPU
		{9936C4B8-0058-4903-A06E-F505F67C2865}.Release|Any CPU.ActiveCfg = Release|Any CPU
		{9936C4B8-0058-4903-A06E-F505F67C2865}.Release|Any CPU.Build.0 = Release|Any CPU
	EndGlobalSection
	GlobalSection(SolutionProperties) = preSolution
		HideSolutionNode = FALSE
	EndGlobalSection
	GlobalSection(ExtensibilityGlobals) = postSolution
		SolutionGuid = {AA697B46-B49E-471C-8198-A5008A19AE0D}
	EndGlobalSection
EndGlobal
